
Microsoft Visual Studio Solution File, Format Version 12.00
# Visual Studio Version 16
VisualStudioVersion = 16.0.31129.286
MinimumVisualStudioVersion = 10.0.40219.1
Project("{8BC9CEB8-8B4A-11D0-8D11-00A0C91BC942}") = "OOA-task8.1", "OOA-task8\OOA-task8.vcxproj", "{5AD2873E-5673-4195-9AD4-7127CB257F14}"
EndProject
Project("{8BC9CEB8-8B4A-11D0-8D11-00A0C91BC942}") = "OOA-task8.2", "OOA-task8.2\OOA-task8.2.vcxproj", "{2E8AB549-528F-4228-9421-94606BB41D96}"
EndProject
Project("{8BC9CEB8-8B4A-11D0-8D11-00A0C91BC942}") = "OOA-task8.3", "OOA-task8.3\OOA-task8.3.vcxproj", "{35BDDD5D-276C-4584-AE6F-F9C6521DF679}"
EndProject
Project("{8BC9CEB8-8B4A-11D0-8D11-00A0C91BC942}") = "OOA-task8.4", "OOA-task8.4\OOA-task8.4.vcxproj", "{5B7B278F-6B77-4E56-AC1B-CDCBD4158333}"
EndProject
Global
	GlobalSection(SolutionConfigurationPlatforms) = preSolution
		Debug|x64 = Debug|x64
		Debug|x86 = Debug|x86
		Release|x64 = Release|x64
		Release|x86 = Release|x86
	EndGlobalSection
	GlobalSection(ProjectConfigurationPlatforms) = postSolution
		{5AD2873E-5673-4195-9AD4-7127CB257F14}.Debug|x64.ActiveCfg = Debug|x64
		{5AD2873E-5673-4195-9AD4-7127CB257F14}.Debug|x64.Build.0 = Debug|x64
		{5AD2873E-5673-4195-9AD4-7127CB257F14}.Debug|x86.ActiveCfg = Debug|Win32
		{5AD2873E-5673-4195-9AD4-7127CB257F14}.Debug|x86.Build.0 = Debug|Win32
		{5AD2873E-5673-4195-9AD4-7127CB257F14}.Release|x64.ActiveCfg = Release|x64
		{5AD2873E-5673-4195-9AD4-7127CB257F14}.Release|x64.Build.0 = Release|x64
		{5AD2873E-5673-4195-9AD4-7127CB257F14}.Release|x86.ActiveCfg = Release|Win32
		{5AD2873E-5673-4195-9AD4-7127CB257F14}.Release|x86.Build.0 = Release|Win32
		{2E8AB549-528F-4228-9421-94606BB41D96}.Debug|x64.ActiveCfg = Debug|x64
		{2E8AB549-528F-4228-9421-94606BB41D96}.Debug|x64.Build.0 = Debug|x64
		{2E8AB549-528F-4228-9421-94606BB41D96}.Debug|x86.ActiveCfg = Debug|Win32
		{2E8AB549-528F-4228-9421-94606BB41D96}.Debug|x86.Build.0 = Debug|Win32
		{2E8AB549-528F-4228-9421-94606BB41D96}.Release|x64.ActiveCfg = Release|x64
		{2E8AB549-528F-4228-9421-94606BB41D96}.Release|x64.Build.0 = Release|x64
		{2E8AB549-528F-4228-9421-94606BB41D96}.Release|x86.ActiveCfg = Release|Win32
		{2E8AB549-528F-4228-9421-94606BB41D96}.Release|x86.Build.0 = Release|Win32
		{35BDDD5D-276C-4584-AE6F-F9C6521DF679}.Debug|x64.ActiveCfg = Debug|x64
		{35BDDD5D-276C-4584-AE6F-F9C6521DF679}.Debug|x64.Build.0 = Debug|x64
		{35BDDD5D-276C-4584-AE6F-F9C6521DF679}.Debug|x86.ActiveCfg = Debug|Win32
		{35BDDD5D-276C-4584-AE6F-F9C6521DF679}.Debug|x86.Build.0 = Debug|Win32
		{35BDDD5D-276C-4584-AE6F-F9C6521DF679}.Release|x64.ActiveCfg = Release|x64
		{35BDDD5D-276C-4584-AE6F-F9C6521DF679}.Release|x64.Build.0 = Release|x64
		{35BDDD5D-276C-4584-AE6F-F9C6521DF679}.Release|x86.ActiveCfg = Release|Win32
		{35BDDD5D-276C-4584-AE6F-F9C6521DF679}.Release|x86.Build.0 = Release|Win32
		{5B7B278F-6B77-4E56-AC1B-CDCBD4158333}.Debug|x64.ActiveCfg = Debug|x64
		{5B7B278F-6B77-4E56-AC1B-CDCBD4158333}.Debug|x64.Build.0 = Debug|x64
		{5B7B278F-6B77-4E56-AC1B-CDCBD4158333}.Debug|x86.ActiveCfg = Debug|Win32
		{5B7B278F-6B77-4E56-AC1B-CDCBD4158333}.Debug|x86.Build.0 = Debug|Win32
		{5B7B278F-6B77-4E56-AC1B-CDCBD4158333}.Release|x64.ActiveCfg = Release|x64
		{5B7B278F-6B77-4E56-AC1B-CDCBD4158333}.Release|x64.Build.0 = Release|x64
		{5B7B278F-6B77-4E56-AC1B-CDCBD4158333}.Release|x86.ActiveCfg = Release|Win32
		{5B7B278F-6B77-4E56-AC1B-CDCBD4158333}.Release|x86.Build.0 = Release|Win32
	EndGlobalSection
	GlobalSection(SolutionProperties) = preSolution
		HideSolutionNode = FALSE
	EndGlobalSection
	GlobalSection(ExtensibilityGlobals) = postSolution
		SolutionGuid = {145F2D4E-5464-4E73-98EE-5EDFD844AF30}
	EndGlobalSection
EndGlobal
